# This file is autogenerated, do not edit; changes may be undone by the next 'dep ensure'.


[[projects]]
  branch = "master"
  name = "github.com/benkeil/icinga-checks-library"
  packages = ["."]
  revision = "08535c513b97756e9ae60d4e617aad55d9cb9c04"

[[projects]]
  name = "github.com/inconshreveable/mousetrap"
  packages = ["."]
  revision = "76626ae9c91c4f2a10f34cad8ce83ea42c93bb75"
  version = "v1.0"

[[projects]]
  branch = "master"
  name = "github.com/s8sg/go_jolokia"
  packages = ["."]
  revision = "6f1027c658bb51d81ba3dd92cd3c23531b5603b2"

[[projects]]
  name = "github.com/spf13/cobra"
  packages = ["."]
  revision = "ef82de70bb3f60c65fb8eebacbb2d122ef517385"
  version = "v0.0.3"

[[projects]]
  name = "github.com/spf13/pflag"
  packages = ["."]
  revision = "583c0c0531f06d5278b7d917446061adc344b5cd"
  version = "v1.0.1"

[solve-meta]
  analyzer-name = "dep"
  analyzer-version = 1
  inputs-digest = "39a5df69eaba39b876b30dfedfe9c3cc30a4283b90b9043543404297e3c777fd"
  solver-name = "gps-cdcl"
  solver-version = 1
